{
  "name": "@digital-science/figshare-fcl",
  "version": "1.7.1",
  "lockfileVersion": 3,
  "requires": true,
  "packages": {
    "": {
      "name": "@digital-science/figshare-fcl",
      "version": "1.7.1",
      "license": "ISC",
      "dependencies": {
        "@floating-ui/react": "0.27.12",
        "@lexical/react": "^0.11.1",
        "classnames": "2.3.2",
        "draft-js": "0.11.7",
        "draft-js-export-html": "1.4.1",
        "draft-js-import-html": "1.4.1",
        "lexical": "^0.11.1",
        "moment": "2.29.4",
        "react-datepicker": "4.8.0",
        "react-popper": "2.3.0",
        "serialize-javascript": "7.0.5"
      },
      "peerDependencies": {
        "prop-types": "^15.0.0",
        "react": "^17.0.0",
        "react-dom": "^17.0.0"
      }
    },
    "node_modules/@babel/runtime": {
      "version": "7.22.5",
      "resolved": "https://registry.npmjs.org/@babel/runtime/-/runtime-7.22.5.tgz",
      "integrity": "sha512-ecjvYlnAaZ/KVneE/OdKYBYfgXV3Ptu6zQWmgEF7vwKhQnvVS6bjMD2XYgj+SNvQ1GfK/pjgokfPkC/2CO8CuA==",
      "dependencies": {
        "regenerator-runtime": "^0.13.11"
      },
      "engines": {
        "node": ">=6.9.0"
      }
    },
    "node_modules/@floating-ui/core": {
      "version": "1.7.5",
      "resolved": "https://registry.npmjs.org/@floating-ui/core/-/core-1.7.5.tgz",
      "integrity": "sha512-1Ih4WTWyw0+lKyFMcBHGbb5U5FtuHJuujoyyr5zTaWS5EYMeT6Jb2AuDeftsCsEuchO+mM2ij5+q9crhydzLhQ==",
      "license": "MIT",
      "dependencies": {
        "@floating-ui/utils": "^0.2.11"
      }
    },
    "node_modules/@floating-ui/dom": {
      "version": "1.7.6",
      "resolved": "https://registry.npmjs.org/@floating-ui/dom/-/dom-1.7.6.tgz",
      "integrity": "sha512-9gZSAI5XM36880PPMm//9dfiEngYoC6Am2izES1FF406YFsjvyBMmeJ2g4SAju3xWwtuynNRFL2s9hgxpLI5SQ==",
      "license": "MIT",
      "dependencies": {
        "@floating-ui/core": "^1.7.5",
        "@floating-ui/utils": "^0.2.11"
      }
    },
    "node_modules/@floating-ui/react": {
      "version": "0.27.12",
      "resolved": "https://registry.npmjs.org/@floating-ui/react/-/react-0.27.12.tgz",
      "integrity": "sha512-kKlWNrpIQxF1B/a2MZvE0/uyKby4960yjO91W7nVyNKmmfNi62xU9HCjL1M1eWzx/LFj/VPSwJVbwQk9Pq/68A==",
      "license": "MIT",
      "dependencies": {
        "@floating-ui/react-dom": "^2.1.3",
        "@floating-ui/utils": "^0.2.9",
        "tabbable": "^6.0.0"
      },
      "peerDependencies": {
        "react": ">=17.0.0",
        "react-dom": ">=17.0.0"
      }
    },
    "node_modules/@floating-ui/react-dom": {
      "version": "2.1.8",
      "resolved": "https://registry.npmjs.org/@floating-ui/react-dom/-/react-dom-2.1.8.tgz",
      "integrity": "sha512-cC52bHwM/n/CxS87FH0yWdngEZrjdtLW/qVruo68qg+prK7ZQ4YGdut2GyDVpoGeAYe/h899rVeOVm6Oi40k2A==",
      "license": "MIT",
      "dependencies": {
        "@floating-ui/dom": "^1.7.6"
      },
      "peerDependencies": {
        "react": ">=16.8.0",
        "react-dom": ">=16.8.0"
      }
    },
    "node_modules/@floating-ui/utils": {
      "version": "0.2.11",
      "resolved": "https://registry.npmjs.org/@floating-ui/utils/-/utils-0.2.11.tgz",
      "integrity": "sha512-RiB/yIh78pcIxl6lLMG0CgBXAZ2Y0eVHqMPYugu+9U0AeT6YBeiJpf7lbdJNIugFP5SIjwNRgo4DhR1Qxi26Gg==",
      "license": "MIT"
    },
    "node_modules/@lexical/clipboard": {
      "version": "0.11.1",
      "resolved": "https://registry.npmjs.org/@lexical/clipboard/-/clipboard-0.11.1.tgz",
      "integrity": "sha512-xwesC2BMv+/ZF0DRMaTPHr4hrnaEbqsfkL1MG+xtqHZOM+paavXqEYp2Uh4WEAaSsmkIFWbrxP1Kraq9O8EZbw==",
      "dependencies": {
        "@lexical/html": "0.11.1",
        "@lexical/list": "0.11.1",
        "@lexical/selection": "0.11.1",
        "@lexical/utils": "0.11.1"
      },
      "peerDependencies": {
        "lexical": "0.11.1"
      }
    },
    "node_modules/@lexical/code": {
      "version": "0.11.1",
      "resolved": "https://registry.npmjs.org/@lexical/code/-/code-0.11.1.tgz",
      "integrity": "sha512-6XIclSRdPI3E6QtM0sVvip4M5xSvbghoyUnG0hiGjYv5py73748VrRnkr1JF0narSXeKSLKKe4j7IssTaKYS0A==",
      "dependencies": {
        "@lexical/utils": "0.11.1",
        "prismjs": "^1.27.0"
      },
      "peerDependencies": {
        "lexical": "0.11.1"
      }
    },
    "node_modules/@lexical/dragon": {
      "version": "0.11.1",
      "resolved": "https://registry.npmjs.org/@lexical/dragon/-/dragon-0.11.1.tgz",
      "integrity": "sha512-Yg4lsaHgHdgxMFdz8bapfPHXevxk5rgegleJxsmx/c59+MLG7/R7h1ZIVRoZesIhlYF1rvvZHuWzQCJRqleCrQ==",
      "peerDependencies": {
        "lexical": "0.11.1"
      }
    },
    "node_modules/@lexical/hashtag": {
      "version": "0.11.1",
      "resolved": "https://registry.npmjs.org/@lexical/hashtag/-/hashtag-0.11.1.tgz",
      "integrity": "sha512-DcAhrVmJ7pJ49z3oGkA8kd+oPtgglsoM89GkBTOOTh0hF8f2y0xpsaRVY/+YnOn7mxE3SAC2DDVh5txqOzZ1HQ==",
      "dependencies": {
        "@lexical/utils": "0.11.1"
      },
      "peerDependencies": {
        "lexical": "0.11.1"
      }
    },
    "node_modules/@lexical/history": {
      "version": "0.11.1",
      "resolved": "https://registry.npmjs.org/@lexical/history/-/history-0.11.1.tgz",
      "integrity": "sha512-JDwTb3GvD3GwIsAekdSLSZkKKA9iGVwt/ncnf75hKC19dLogsRmFqlT7gvZGnYmX8QlYhKTb3wyUQsn7Iax3qA==",
      "dependencies": {
        "@lexical/utils": "0.11.1"
      },
      "peerDependencies": {
        "lexical": "0.11.1"
      }
    },
    "node_modules/@lexical/html": {
      "version": "0.11.1",
      "resolved": "https://registry.npmjs.org/@lexical/html/-/html-0.11.1.tgz",
      "integrity": "sha512-tkXPpJCM73VwMynnWwZPqdL8gN9ydGtJsPz28Q1m5P3WD6sFERwCasJxYyMPCcL3KfGQ6a0WZCCEtnyUn7VQkg==",
      "dependencies": {
        "@lexical/selection": "0.11.1"
      },
      "peerDependencies": {
        "lexical": "0.11.1"
      }
    },
    "node_modules/@lexical/link": {
      "version": "0.11.1",
      "resolved": "https://registry.npmjs.org/@lexical/link/-/link-0.11.1.tgz",
      "integrity": "sha512-eEVZfSvdYKyjv5g35Rm50y+gglg4d5hgjiWuHzynT6XknU1VmR/WknEdSQybPK9vo2E2qf3qURyp1oAUaAPVjw==",
      "dependencies": {
        "@lexical/utils": "0.11.1"
      },
      "peerDependencies": {
        "lexical": "0.11.1"
      }
    },
    "node_modules/@lexical/list": {
      "version": "0.11.1",
      "resolved": "https://registry.npmjs.org/@lexical/list/-/list-0.11.1.tgz",
      "integrity": "sha512-gONvM0q0eyA7yaSQ9WnoVs0riUrgilqVS4mdXDu3UKlr0hcDfJICEZO8ooorFu9yRkNzp8HRIkGByW6oQBa1cQ==",
      "dependencies": {
        "@lexical/utils": "0.11.1"
      },
      "peerDependencies": {
        "lexical": "0.11.1"
      }
    },
    "node_modules/@lexical/mark": {
      "version": "0.11.1",
      "resolved": "https://registry.npmjs.org/@lexical/mark/-/mark-0.11.1.tgz",
      "integrity": "sha512-HA9XTrfXFmipxsFbtDTN8uQl7v9EPm40C4LgJKc2PFV7uNXnz/KF6FE5Gwe/iz/ueMF0EH288t7w3J2KuHbFkQ==",
      "dependencies": {
        "@lexical/utils": "0.11.1"
      },
      "peerDependencies": {
        "lexical": "0.11.1"
      }
    },
    "node_modules/@lexical/markdown": {
      "version": "0.11.1",
      "resolved": "https://registry.npmjs.org/@lexical/markdown/-/markdown-0.11.1.tgz",
      "integrity": "sha512-yk8q2808PJrW7yT5ym/4j78lkNCdi/rWmbZN49tNtetWClddHPEYifdOfuSsf2aAOx65/23B7zHs87BuyzXWFw==",
      "dependencies": {
        "@lexical/code": "0.11.1",
        "@lexical/link": "0.11.1",
        "@lexical/list": "0.11.1",
        "@lexical/rich-text": "0.11.1",
        "@lexical/text": "0.11.1",
        "@lexical/utils": "0.11.1"
      },
      "peerDependencies": {
        "lexical": "0.11.1"
      }
    },
    "node_modules/@lexical/offset": {
      "version": "0.11.1",
      "resolved": "https://registry.npmjs.org/@lexical/offset/-/offset-0.11.1.tgz",
      "integrity": "sha512-x6ERzo1cHoL9tcetpomqnf52EJ8f/wAF4vnEbJ9k/BRAZJQBc3UX/WYx+IyycxCBVeh3mxOhjZHqesYCvPFTRw==",
      "peerDependencies": {
        "lexical": "0.11.1"
      }
    },
    "node_modules/@lexical/overflow": {
      "version": "0.11.1",
      "resolved": "https://registry.npmjs.org/@lexical/overflow/-/overflow-0.11.1.tgz",
      "integrity": "sha512-mx99fWfGjbr6Va/jPgsagUJzYzC0WV7us43HYk98XSJJpz/dPapNyRUARJrSinv/iu47HkA1X4Kvgd6LqbIvxA==",
      "peerDependencies": {
        "lexical": "0.11.1"
      }
    },
    "node_modules/@lexical/plain-text": {
      "version": "0.11.1",
      "resolved": "https://registry.npmjs.org/@lexical/plain-text/-/plain-text-0.11.1.tgz",
      "integrity": "sha512-G4OlqDTPWR2S58ONzEtyJW0XvTh0M46mhCzldrvJatcOUNrnCqL9ZeL3LSld/IRz8T4sjCRD6E1QjAFy51DUxg==",
      "peerDependencies": {
        "@lexical/clipboard": "0.11.1",
        "@lexical/selection": "0.11.1",
        "@lexical/utils": "0.11.1",
        "lexical": "0.11.1"
      }
    },
    "node_modules/@lexical/react": {
      "version": "0.11.1",
      "resolved": "https://registry.npmjs.org/@lexical/react/-/react-0.11.1.tgz",
      "integrity": "sha512-iXZusD0Z+eqttuh8s58ZP3H+tn0V1JYOay/Xo3y6/N+UXJ3NpBfVXRQB97cY/861jezMgbmvcjXuhH/rlKCvSg==",
      "dependencies": {
        "@lexical/clipboard": "0.11.1",
        "@lexical/code": "0.11.1",
        "@lexical/dragon": "0.11.1",
        "@lexical/hashtag": "0.11.1",
        "@lexical/history": "0.11.1",
        "@lexical/link": "0.11.1",
        "@lexical/list": "0.11.1",
        "@lexical/mark": "0.11.1",
        "@lexical/markdown": "0.11.1",
        "@lexical/overflow": "0.11.1",
        "@lexical/plain-text": "0.11.1",
        "@lexical/rich-text": "0.11.1",
        "@lexical/selection": "0.11.1",
        "@lexical/table": "0.11.1",
        "@lexical/text": "0.11.1",
        "@lexical/utils": "0.11.1",
        "@lexical/yjs": "0.11.1",
        "react-error-boundary": "^3.1.4"
      },
      "peerDependencies": {
        "lexical": "0.11.1",
        "react": ">=17.x",
        "react-dom": ">=17.x"
      }
    },
    "node_modules/@lexical/rich-text": {
      "version": "0.11.1",
      "resolved": "https://registry.npmjs.org/@lexical/rich-text/-/rich-text-0.11.1.tgz",
      "integrity": "sha512-cwko/7VuvHd8nuvt0GTaOxxpDpT24NnP15C0ZMJ6LVBgqKz7hOqhZZ6iAB/JOrivifF9nGBlC+jabZF75Gz3Fw==",
      "peerDependencies": {
        "@lexical/clipboard": "0.11.1",
        "@lexical/selection": "0.11.1",
        "@lexical/utils": "0.11.1",
        "lexical": "0.11.1"
      }
    },
    "node_modules/@lexical/selection": {
      "version": "0.11.1",
      "resolved": "https://registry.npmjs.org/@lexical/selection/-/selection-0.11.1.tgz",
      "integrity": "sha512-sSiwWlu7LmxasdXAWcphtf5+ZK/6GRe3e/SAuCULfcrvYtEQrXIeyZt1IAvMxStELdQgf8vd0PzwajKcYjEM4A==",
      "peerDependencies": {
        "lexical": "0.11.1"
      }
    },
    "node_modules/@lexical/table": {
      "version": "0.11.1",
      "resolved": "https://registry.npmjs.org/@lexical/table/-/table-0.11.1.tgz",
      "integrity": "sha512-v5HNW6jk4BHFsxsr8tPhAgokWUxL/ekvIHByXnikgEXVQiG7NPXMt7PWKVdOhH4Pn+OeF/OeeqcsTSh1/I8ZKQ==",
      "dependencies": {
        "@lexical/utils": "0.11.1"
      },
      "peerDependencies": {
        "lexical": "0.11.1"
      }
    },
    "node_modules/@lexical/text": {
      "version": "0.11.1",
      "resolved": "https://registry.npmjs.org/@lexical/text/-/text-0.11.1.tgz",
      "integrity": "sha512-TQ9vb24sStMicnJaGT9U6yUCVXTIVFHAzt5cMPtr7hK6b1CsJPMTRmsM7n5vIo9xnHM9SLLe01AxwL2O7I1QKg==",
      "peerDependencies": {
        "lexical": "0.11.1"
      }
    },
    "node_modules/@lexical/utils": {
      "version": "0.11.1",
      "resolved": "https://registry.npmjs.org/@lexical/utils/-/utils-0.11.1.tgz",
      "integrity": "sha512-Sssv82m0yJgRBvShZDZnE4KNX+8O49sAI1Mc2kRKoTlSSbpmpEcrbJnz8S2bmbYcyHalP8+Id/GFziOclI3zUQ==",
      "dependencies": {
        "@lexical/list": "0.11.1",
        "@lexical/selection": "0.11.1",
        "@lexical/table": "0.11.1"
      },
      "peerDependencies": {
        "lexical": "0.11.1"
      }
    },
    "node_modules/@lexical/yjs": {
      "version": "0.11.1",
      "resolved": "https://registry.npmjs.org/@lexical/yjs/-/yjs-0.11.1.tgz",
      "integrity": "sha512-69Q462s4roXN6S8mk/ogMRZNyqLY024w38RzMVvJkY/W7sz30vPNX1RyEDHvTjgBhPXQqhRgmDUPT2V3lE7dRg==",
      "dependencies": {
        "@lexical/offset": "0.11.1"
      },
      "peerDependencies": {
        "lexical": "0.11.1",
        "yjs": ">=13.5.22"
      }
    },
    "node_modules/@popperjs/core": {
      "version": "2.11.7",
      "resolved": "https://registry.npmjs.org/@popperjs/core/-/core-2.11.7.tgz",
      "integrity": "sha512-Cr4OjIkipTtcXKjAsm8agyleBuDHvxzeBoa1v543lbv1YaIwQjESsVcmjiWiPEbC1FIeHOG/Op9kdCmAmiS3Kw==",
      "funding": {
        "type": "opencollective",
        "url": "https://opencollective.com/popperjs"
      }
    },
    "node_modules/asap": {
      "version": "2.0.6",
      "resolved": "https://registry.npmjs.org/asap/-/asap-2.0.6.tgz",
      "integrity": "sha512-BSHWgDSAiKs50o2Re8ppvp3seVHXSRM44cdSsT9FfNEUUZLOGWVCsiWaRPWM1Znn+mqZ1OfVZ3z3DWEzSp7hRA==",
      "license": "MIT"
    },
    "node_modules/classnames": {
      "version": "2.3.2",
      "resolved": "https://registry.npmjs.org/classnames/-/classnames-2.3.2.tgz",
      "integrity": "sha512-CSbhY4cFEJRe6/GQzIk5qXZ4Jeg5pcsP7b5peFSDpffpe1cqjASH/n9UTjBwOp6XpMSTwQ8Za2K5V02ueA7Tmw=="
    },
    "node_modules/core-js": {
      "version": "3.49.0",
      "resolved": "https://registry.npmjs.org/core-js/-/core-js-3.49.0.tgz",
      "integrity": "sha512-es1U2+YTtzpwkxVLwAFdSpaIMyQaq0PBgm3YD1W3Qpsn1NAmO3KSgZfu+oGSWVu6NvLHoHCV/aYcsE5wiB7ALg==",
      "hasInstallScript": true,
      "license": "MIT",
      "funding": {
        "type": "opencollective",
        "url": "https://opencollective.com/core-js"
      }
    },
    "node_modules/cross-fetch": {
      "version": "3.2.0",
      "resolved": "https://registry.npmjs.org/cross-fetch/-/cross-fetch-3.2.0.tgz",
      "integrity": "sha512-Q+xVJLoGOeIMXZmbUK4HYk+69cQH6LudR0Vu/pRm2YlU/hDV9CiS0gKUMaWY5f2NeUH9C1nV3bsTlCo0FsTV1Q==",
      "license": "MIT",
      "dependencies": {
        "node-fetch": "^2.7.0"
      }
    },
    "node_modules/date-fns": {
      "version": "2.29.3",
      "resolved": "https://registry.npmjs.org/date-fns/-/date-fns-2.29.3.tgz",
      "integrity": "sha512-dDCnyH2WnnKusqvZZ6+jA1O51Ibt8ZMRNkDZdyAyK4YfbDwa/cEmuztzG5pk6hqlp9aSBPYcjOlktquahGwGeA==",
      "engines": {
        "node": ">=0.11"
      },
      "funding": {
        "type": "opencollective",
        "url": "https://opencollective.com/date-fns"
      }
    },
    "node_modules/draft-js": {
      "version": "0.11.7",
      "resolved": "https://registry.npmjs.org/draft-js/-/draft-js-0.11.7.tgz",
      "integrity": "sha512-ne7yFfN4sEL82QPQEn80xnADR8/Q6ALVworbC5UOSzOvjffmYfFsr3xSZtxbIirti14R7Y33EZC5rivpLgIbsg==",
      "license": "MIT",
      "dependencies": {
        "fbjs": "^2.0.0",
        "immutable": "~3.7.4",
        "object-assign": "^4.1.1"
      },
      "peerDependencies": {
        "react": ">=0.14.0",
        "react-dom": ">=0.14.0"
      }
    },
    "node_modules/draft-js-export-html": {
      "version": "1.4.1",
      "resolved": "https://registry.npmjs.org/draft-js-export-html/-/draft-js-export-html-1.4.1.tgz",
      "integrity": "sha512-G4VGBSalPowktIE4wp3rFbhjs+Ln9IZ2FhXeHjsZDSw0a2+h+BjKu5Enq+mcsyVb51RW740GBK8Xbf7Iic51tw==",
      "dependencies": {
        "draft-js-utils": "^1.4.0"
      },
      "peerDependencies": {
        "draft-js": ">=0.10.0",
        "immutable": "3.x.x"
      }
    },
    "node_modules/draft-js-import-element": {
      "version": "1.4.0",
      "resolved": "https://registry.npmjs.org/draft-js-import-element/-/draft-js-import-element-1.4.0.tgz",
      "integrity": "sha512-WmYT5PrCm47lGL5FkH6sRO3TTAcn7qNHsD3igiPqLG/RXrqyKrqN4+wBgbcT2lhna/yfWTRtgzAbQsSJoS1Meg==",
      "dependencies": {
        "draft-js-utils": "^1.4.0",
        "synthetic-dom": "^1.4.0"
      },
      "peerDependencies": {
        "draft-js": ">=0.10.0",
        "immutable": "3.x.x"
      }
    },
    "node_modules/draft-js-import-html": {
      "version": "1.4.1",
      "resolved": "https://registry.npmjs.org/draft-js-import-html/-/draft-js-import-html-1.4.1.tgz",
      "integrity": "sha512-KOZmtgxZriCDgg5Smr3Y09TjubvXe7rHPy/2fuLSsL+aSzwUDwH/aHDA/k47U+WfpmL4qgyg4oZhqx9TYJV0tg==",
      "dependencies": {
        "draft-js-import-element": "^1.4.0"
      },
      "peerDependencies": {
        "draft-js": ">=0.10.0",
        "immutable": "3.x.x"
      }
    },
    "node_modules/draft-js-utils": {
      "version": "1.4.1",
      "resolved": "https://registry.npmjs.org/draft-js-utils/-/draft-js-utils-1.4.1.tgz",
      "integrity": "sha512-xE81Y+z/muC5D5z9qWmKfxEW1XyXfsBzSbSBk2JRsoD0yzMGGHQm/0MtuqHl/EUDkaBJJLjJ2EACycoDMY/OOg==",
      "peerDependencies": {
        "draft-js": ">=0.10.0",
        "immutable": "3.x.x"
      }
    },
    "node_modules/fbjs": {
      "version": "2.0.0",
      "resolved": "https://registry.npmjs.org/fbjs/-/fbjs-2.0.0.tgz",
      "integrity": "sha512-8XA8ny9ifxrAWlyhAbexXcs3rRMtxWcs3M0lctLfB49jRDHiaxj+Mo0XxbwE7nKZYzgCFoq64FS+WFd4IycPPQ==",
      "license": "MIT",
      "dependencies": {
        "core-js": "^3.6.4",
        "cross-fetch": "^3.0.4",
        "fbjs-css-vars": "^1.0.0",
        "loose-envify": "^1.0.0",
        "object-assign": "^4.1.0",
        "promise": "^7.1.1",
        "setimmediate": "^1.0.5",
        "ua-parser-js": "^0.7.18"
      }
    },
    "node_modules/fbjs-css-vars": {
      "version": "1.0.2",
      "resolved": "https://registry.npmjs.org/fbjs-css-vars/-/fbjs-css-vars-1.0.2.tgz",
      "integrity": "sha512-b2XGFAFdWZWg0phtAWLHCk836A1Xann+I+Dgd3Gk64MHKZO44FfoD1KxyvbSh0qZsIoXQGGlVztIY+oitJPpRQ==",
      "license": "MIT"
    },
    "node_modules/immutable": {
      "version": "3.8.3",
      "resolved": "https://registry.npmjs.org/immutable/-/immutable-3.8.3.tgz",
      "integrity": "sha512-AUY/VyX0E5XlibOmWt10uabJzam1zlYjwiEgQSDc5+UIkFNaF9WM0JxXKaNMGf+F/ffUF+7kRKXM9A7C0xXqMg==",
      "license": "MIT",
      "engines": {
        "node": ">=0.10.0"
      }
    },
    "node_modules/isomorphic.js": {
      "version": "0.2.5",
      "resolved": "https://registry.npmjs.org/isomorphic.js/-/isomorphic.js-0.2.5.tgz",
      "integrity": "sha512-PIeMbHqMt4DnUP3MA/Flc0HElYjMXArsw1qwJZcm9sqR8mq3l8NYizFMty0pWwE/tzIGH3EKK5+jes5mAr85yw==",
      "license": "MIT",
      "peer": true,
      "funding": {
        "type": "GitHub Sponsors ❤",
        "url": "https://github.com/sponsors/dmonad"
      }
    },
    "node_modules/js-tokens": {
      "version": "4.0.0",
      "resolved": "https://registry.npmjs.org/js-tokens/-/js-tokens-4.0.0.tgz",
      "integrity": "sha512-RdJUflcE3cUzKiMqQgsCu06FPu9UdIJO0beYbPhHN4k6apgJtifcoCtT9bcxOpYBtpD2kCM6Sbzg4CausW/PKQ=="
    },
    "node_modules/lexical": {
      "version": "0.11.1",
      "resolved": "https://registry.npmjs.org/lexical/-/lexical-0.11.1.tgz",
      "integrity": "sha512-PhAGADxqzwJldmkVK5tvkaARTULCdeJjfhxWTnJQXTAlApE9heJir7SWxbxeUx1G5gdKZQFicGhOQlDXJmma2Q=="
    },
    "node_modules/lib0": {
      "version": "0.2.117",
      "resolved": "https://registry.npmjs.org/lib0/-/lib0-0.2.117.tgz",
      "integrity": "sha512-DeXj9X5xDCjgKLU/7RR+/HQEVzuuEUiwldwOGsHK/sfAfELGWEyTcf0x+uOvCvK3O2zPmZePXWL85vtia6GyZw==",
      "license": "MIT",
      "peer": true,
      "dependencies": {
        "isomorphic.js": "^0.2.4"
      },
      "bin": {
        "0ecdsa-generate-keypair": "bin/0ecdsa-generate-keypair.js",
        "0gentesthtml": "bin/gentesthtml.js",
        "0serve": "bin/0serve.js"
      },
      "engines": {
        "node": ">=16"
      },
      "funding": {
        "type": "GitHub Sponsors ❤",
        "url": "https://github.com/sponsors/dmonad"
      }
    },
    "node_modules/loose-envify": {
      "version": "1.4.0",
      "resolved": "https://registry.npmjs.org/loose-envify/-/loose-envify-1.4.0.tgz",
      "integrity": "sha512-lyuxPGr/Wfhrlem2CL/UcnUc1zcqKAImBDzukY7Y5F/yQiNdko6+fRLevlw1HgMySw7f611UIY408EtxRSoK3Q==",
      "dependencies": {
        "js-tokens": "^3.0.0 || ^4.0.0"
      },
      "bin": {
        "loose-envify": "cli.js"
      }
    },
    "node_modules/moment": {
      "version": "2.29.4",
      "resolved": "https://registry.npmjs.org/moment/-/moment-2.29.4.tgz",
      "integrity": "sha512-5LC9SOxjSc2HF6vO2CyuTDNivEdoz2IvyJJGj6X8DJ0eFyfszE0QiEd+iXmBvUP3WHxSjFH/vIsA0EN00cgr8w==",
      "engines": {
        "node": "*"
      }
    },
    "node_modules/node-fetch": {
      "version": "2.6.7",
      "resolved": "https://registry.npmjs.org/node-fetch/-/node-fetch-2.6.7.tgz",
      "integrity": "sha512-ZjMPFEfVx5j+y2yF35Kzx5sF7kDzxuDj6ziH4FFbOp87zKDZNx8yExJIb05OGF4Nlt9IHFIMBkRl41VdvcNdbQ==",
      "license": "MIT",
      "dependencies": {
        "whatwg-url": "^5.0.0"
      },
      "engines": {
        "node": "4.x || >=6.0.0"
      },
      "peerDependencies": {
        "encoding": "^0.1.0"
      },
      "peerDependenciesMeta": {
        "encoding": {
          "optional": true
        }
      }
    },
    "node_modules/object-assign": {
      "version": "4.1.1",
      "resolved": "https://registry.npmjs.org/object-assign/-/object-assign-4.1.1.tgz",
      "integrity": "sha512-rJgTQnkUnH1sFw8yT6VSU3zD3sWmu6sZhIseY8VX+GRu3P6F7Fu+JNDoXfklElbLJSnc3FUQHVe4cU5hj+BcUg==",
      "engines": {
        "node": ">=0.10.0"
      }
    },
    "node_modules/prismjs": {
      "version": "1.29.0",
      "resolved": "https://registry.npmjs.org/prismjs/-/prismjs-1.29.0.tgz",
      "integrity": "sha512-Kx/1w86q/epKcmte75LNrEoT+lX8pBpavuAbvJWRXar7Hz8jrtF+e3vY751p0R8H9HdArwaCTNDDzHg/ScJK1Q==",
      "engines": {
        "node": ">=6"
      }
    },
    "node_modules/promise": {
      "version": "7.3.1",
      "resolved": "https://registry.npmjs.org/promise/-/promise-7.3.1.tgz",
      "integrity": "sha512-nolQXZ/4L+bP/UGlkfaIujX9BKxGwmQ9OT4mOt5yvy8iK1h3wqTEJCijzGANTCCl9nWjY41juyAn2K3Q1hLLTg==",
      "license": "MIT",
      "dependencies": {
        "asap": "~2.0.3"
      }
    },
    "node_modules/prop-types": {
      "version": "15.8.1",
      "resolved": "https://registry.npmjs.org/prop-types/-/prop-types-15.8.1.tgz",
      "integrity": "sha512-oj87CgZICdulUohogVAR7AjlC0327U4el4L6eAvOqCeudMDVU0NThNaV+b9Df4dXgSP1gXMTnPdhfe/2qDH5cg==",
      "dependencies": {
        "loose-envify": "^1.4.0",
        "object-assign": "^4.1.1",
        "react-is": "^16.13.1"
      }
    },
    "node_modules/react": {
      "version": "17.0.2",
      "resolved": "https://registry.npmjs.org/react/-/react-17.0.2.tgz",
      "integrity": "sha512-gnhPt75i/dq/z3/6q/0asP78D0u592D5L1pd7M8P+dck6Fu/jJeL6iVVK23fptSUZj8Vjf++7wXA8UNclGQcbA==",
      "license": "MIT",
      "peer": true,
      "dependencies": {
        "loose-envify": "^1.1.0",
        "object-assign": "^4.1.1"
      },
      "engines": {
        "node": ">=0.10.0"
      }
    },
    "node_modules/react-datepicker": {
      "version": "4.8.0",
      "resolved": "https://registry.npmjs.org/react-datepicker/-/react-datepicker-4.8.0.tgz",
      "integrity": "sha512-u69zXGHMpxAa4LeYR83vucQoUCJQ6m/WBsSxmUMu/M8ahTSVMMyiyQzauHgZA2NUr9y0FUgOAix71hGYUb6tvg==",
      "dependencies": {
        "@popperjs/core": "^2.9.2",
        "classnames": "^2.2.6",
        "date-fns": "^2.24.0",
        "prop-types": "^15.7.2",
        "react-onclickoutside": "^6.12.0",
        "react-popper": "^2.2.5"
      },
      "peerDependencies": {
        "react": "^16.9.0 || ^17 || ^18",
        "react-dom": "^16.9.0 || ^17 || ^18"
      }
    },
    "node_modules/react-dom": {
      "version": "17.0.2",
      "resolved": "https://registry.npmjs.org/react-dom/-/react-dom-17.0.2.tgz",
      "integrity": "sha512-s4h96KtLDUQlsENhMn1ar8t2bEa+q/YAtj8pPPdIjPDGBDIVNsrD9aXNWqspUe6AzKCIG0C1HZZLqLV7qpOBGA==",
      "license": "MIT",
      "peer": true,
      "dependencies": {
        "loose-envify": "^1.1.0",
        "object-assign": "^4.1.1",
        "scheduler": "^0.20.2"
      },
      "peerDependencies": {
        "react": "17.0.2"
      }
    },
    "node_modules/react-error-boundary": {
      "version": "3.1.4",
      "resolved": "https://registry.npmjs.org/react-error-boundary/-/react-error-boundary-3.1.4.tgz",
      "integrity": "sha512-uM9uPzZJTF6wRQORmSrvOIgt4lJ9MC1sNgEOj2XGsDTRE4kmpWxg7ENK9EWNKJRMAOY9z0MuF4yIfl6gp4sotA==",
      "dependencies": {
        "@babel/runtime": "^7.12.5"
      },
      "engines": {
        "node": ">=10",
        "npm": ">=6"
      },
      "peerDependencies": {
        "react": ">=16.13.1"
      }
    },
    "node_modules/react-fast-compare": {
      "version": "3.2.1",
      "resolved": "https://registry.npmjs.org/react-fast-compare/-/react-fast-compare-3.2.1.tgz",
      "integrity": "sha512-xTYf9zFim2pEif/Fw16dBiXpe0hoy5PxcD8+OwBnTtNLfIm3g6WxhKNurY+6OmdH1u6Ta/W/Vl6vjbYP1MFnDg=="
    },
    "node_modules/react-is": {
      "version": "16.13.1",
      "resolved": "https://registry.npmjs.org/react-is/-/react-is-16.13.1.tgz",
      "integrity": "sha512-24e6ynE2H+OKt4kqsOvNd8kBpV65zoxbA4BVsEOB3ARVWQki/DHzaUoC5KuON/BiccDaCCTZBuOcfZs70kR8bQ=="
    },
    "node_modules/react-onclickoutside": {
      "version": "6.13.0",
      "resolved": "https://registry.npmjs.org/react-onclickoutside/-/react-onclickoutside-6.13.0.tgz",
      "integrity": "sha512-ty8So6tcUpIb+ZE+1HAhbLROvAIJYyJe/1vRrrcmW+jLsaM+/powDRqxzo6hSh9CuRZGSL1Q8mvcF5WRD93a0A==",
      "funding": {
        "type": "individual",
        "url": "https://github.com/Pomax/react-onclickoutside/blob/master/FUNDING.md"
      },
      "peerDependencies": {
        "react": "^15.5.x || ^16.x || ^17.x || ^18.x",
        "react-dom": "^15.5.x || ^16.x || ^17.x || ^18.x"
      }
    },
    "node_modules/react-popper": {
      "version": "2.3.0",
      "resolved": "https://registry.npmjs.org/react-popper/-/react-popper-2.3.0.tgz",
      "integrity": "sha512-e1hj8lL3uM+sgSR4Lxzn5h1GxBlpa4CQz0XLF8kx4MDrDRWY0Ena4c97PUeSX9i5W3UAfDP0z0FXCTQkoXUl3Q==",
      "dependencies": {
        "react-fast-compare": "^3.0.1",
        "warning": "^4.0.2"
      },
      "peerDependencies": {
        "@popperjs/core": "^2.0.0",
        "react": "^16.8.0 || ^17 || ^18",
        "react-dom": "^16.8.0 || ^17 || ^18"
      }
    },
    "node_modules/regenerator-runtime": {
      "version": "0.13.11",
      "resolved": "https://registry.npmjs.org/regenerator-runtime/-/regenerator-runtime-0.13.11.tgz",
      "integrity": "sha512-kY1AZVr2Ra+t+piVaJ4gxaFaReZVH40AKNo7UCX6W+dEwBo/2oZJzqfuN1qLq1oL45o56cPaTXELwrTh8Fpggg=="
    },
    "node_modules/scheduler": {
      "version": "0.20.2",
      "resolved": "https://registry.npmjs.org/scheduler/-/scheduler-0.20.2.tgz",
      "integrity": "sha512-2eWfGgAqqWFGqtdMmcL5zCMK1U8KlXv8SQFGglL3CEtd0aDVDWgeF/YoCmvln55m5zSk3J/20hTaSBeSObsQDQ==",
      "license": "MIT",
      "peer": true,
      "dependencies": {
        "loose-envify": "^1.1.0",
        "object-assign": "^4.1.1"
      }
    },
    "node_modules/serialize-javascript": {
      "version": "7.0.5",
      "resolved": "https://registry.npmjs.org/serialize-javascript/-/serialize-javascript-7.0.5.tgz",
      "integrity": "sha512-F4LcB0UqUl1zErq+1nYEEzSHJnIwb3AF2XWB94b+afhrekOUijwooAYqFyRbjYkm2PAKBabx6oYv/xDxNi8IBw==",
      "license": "BSD-3-Clause",
      "engines": {
        "node": ">=20.0.0"
      }
    },
    "node_modules/setimmediate": {
      "version": "1.0.5",
      "resolved": "https://registry.npmjs.org/setimmediate/-/setimmediate-1.0.5.tgz",
      "integrity": "sha512-MATJdZp8sLqDl/68LfQmbP8zKPLQNV6BIZoIgrscFDQ+RsvK/BxeDQOgyxKKoh0y/8h3BqVFnCqQ/gd+reiIXA==",
      "license": "MIT"
    },
    "node_modules/synthetic-dom": {
      "version": "1.4.0",
      "resolved": "https://registry.npmjs.org/synthetic-dom/-/synthetic-dom-1.4.0.tgz",
      "integrity": "sha512-mHv51ZsmZ+ShT/4s5kg+MGUIhY7Ltq4v03xpN1c8T1Krb5pScsh/lzEjyhrVD0soVDbThbd2e+4dD9vnDG4rhg=="
    },
    "node_modules/tabbable": {
      "version": "6.2.0",
      "resolved": "https://registry.npmjs.org/tabbable/-/tabbable-6.2.0.tgz",
      "integrity": "sha512-Cat63mxsVJlzYvN51JmVXIgNoUokrIaT2zLclCXjRd8boZ0004U4KCs/sToJ75C6sdlByWxpYnb5Boif1VSFew=="
    },
    "node_modules/tr46": {
      "version": "0.0.3",
      "resolved": "https://registry.npmjs.org/tr46/-/tr46-0.0.3.tgz",
      "integrity": "sha512-N3WMsuqV66lT30CrXNbEjx4GEwlow3v6rr4mCcv6prnfwhS01rkgyFdjPNBYd9br7LpXV1+Emh01fHnq2Gdgrw==",
      "license": "MIT"
    },
    "node_modules/ua-parser-js": {
      "version": "0.7.41",
      "resolved": "https://registry.npmjs.org/ua-parser-js/-/ua-parser-js-0.7.41.tgz",
      "integrity": "sha512-O3oYyCMPYgNNHuO7Jjk3uacJWZF8loBgwrfd/5LE/HyZ3lUIOdniQ7DNXJcIgZbwioZxk0fLfI4EVnetdiX5jg==",
      "funding": [
        {
          "type": "opencollective",
          "url": "https://opencollective.com/ua-parser-js"
        },
        {
          "type": "paypal",
          "url": "https://paypal.me/faisalman"
        },
        {
          "type": "github",
          "url": "https://github.com/sponsors/faisalman"
        }
      ],
      "license": "MIT",
      "bin": {
        "ua-parser-js": "script/cli.js"
      },
      "engines": {
        "node": "*"
      }
    },
    "node_modules/warning": {
      "version": "4.0.3",
      "resolved": "https://registry.npmjs.org/warning/-/warning-4.0.3.tgz",
      "integrity": "sha512-rpJyN222KWIvHJ/F53XSZv0Zl/accqHR8et1kpaMTD/fLCRxtV8iX8czMzY7sVZupTI3zcUTg8eycS2kNF9l6w==",
      "dependencies": {
        "loose-envify": "^1.0.0"
      }
    },
    "node_modules/webidl-conversions": {
      "version": "3.0.1",
      "resolved": "https://registry.npmjs.org/webidl-conversions/-/webidl-conversions-3.0.1.tgz",
      "integrity": "sha512-2JAn3z8AR6rjK8Sm8orRC0h/bcl/DqL7tRPdGZ4I1CjdF+EaMLmYxBHyXuKL849eucPFhvBoxMsflfOb8kxaeQ==",
      "license": "BSD-2-Clause"
    },
    "node_modules/whatwg-url": {
      "version": "5.0.0",
      "resolved": "https://registry.npmjs.org/whatwg-url/-/whatwg-url-5.0.0.tgz",
      "integrity": "sha512-saE57nupxk6v3HY35+jzBwYa0rKSy0XR8JSxZPwgLr7ys0IBzhGviA1/TUGJLmSVqs8pb9AnvICXEuOHLprYTw==",
      "license": "MIT",
      "dependencies": {
        "tr46": "~0.0.3",
        "webidl-conversions": "^3.0.0"
      }
    },
    "node_modules/yjs": {
      "version": "13.6.32",
      "resolved": "https://registry.npmjs.org/yjs/-/yjs-13.6.32.tgz",
      "integrity": "sha512-lfiJIIC4Xayt5ItynE407ehlE03pCjeOc4hkR4yxxvvNJ4kuiN25B0g+Qp8XagYz361LLL7DCzR5bvFJ81QKtQ==",
      "license": "MIT",
      "peer": true,
      "dependencies": {
        "lib0": "^0.2.99"
      },
      "engines": {
        "node": ">=16.0.0",
        "npm": ">=8.0.0"
      },
      "funding": {
        "type": "GitHub Sponsors ❤",
        "url": "https://github.com/sponsors/dmonad"
      }
    }
  }
}
