{
  "name": "@figshare/fcl",
  "version": "1.3.11",
  "lockfileVersion": 1,
  "requires": true,
  "dependencies": {
    "@babel/runtime": {
      "version": "7.22.5",
      "resolved": "https://registry.npmjs.org/@babel/runtime/-/runtime-7.22.5.tgz",
      "integrity": "sha512-ecjvYlnAaZ/KVneE/OdKYBYfgXV3Ptu6zQWmgEF7vwKhQnvVS6bjMD2XYgj+SNvQ1GfK/pjgokfPkC/2CO8CuA==",
      "requires": {
        "regenerator-runtime": "^0.13.11"
      }
    },
    "@lexical/clipboard": {
      "version": "0.11.1",
      "resolved": "https://registry.npmjs.org/@lexical/clipboard/-/clipboard-0.11.1.tgz",
      "integrity": "sha512-xwesC2BMv+/ZF0DRMaTPHr4hrnaEbqsfkL1MG+xtqHZOM+paavXqEYp2Uh4WEAaSsmkIFWbrxP1Kraq9O8EZbw==",
      "requires": {
        "@lexical/html": "0.11.1",
        "@lexical/list": "0.11.1",
        "@lexical/selection": "0.11.1",
        "@lexical/utils": "0.11.1"
      }
    },
    "@lexical/code": {
      "version": "0.11.1",
      "resolved": "https://registry.npmjs.org/@lexical/code/-/code-0.11.1.tgz",
      "integrity": "sha512-6XIclSRdPI3E6QtM0sVvip4M5xSvbghoyUnG0hiGjYv5py73748VrRnkr1JF0narSXeKSLKKe4j7IssTaKYS0A==",
      "requires": {
        "@lexical/utils": "0.11.1",
        "prismjs": "^1.27.0"
      }
    },
    "@lexical/dragon": {
      "version": "0.11.1",
      "resolved": "https://registry.npmjs.org/@lexical/dragon/-/dragon-0.11.1.tgz",
      "integrity": "sha512-Yg4lsaHgHdgxMFdz8bapfPHXevxk5rgegleJxsmx/c59+MLG7/R7h1ZIVRoZesIhlYF1rvvZHuWzQCJRqleCrQ=="
    },
    "@lexical/hashtag": {
      "version": "0.11.1",
      "resolved": "https://registry.npmjs.org/@lexical/hashtag/-/hashtag-0.11.1.tgz",
      "integrity": "sha512-DcAhrVmJ7pJ49z3oGkA8kd+oPtgglsoM89GkBTOOTh0hF8f2y0xpsaRVY/+YnOn7mxE3SAC2DDVh5txqOzZ1HQ==",
      "requires": {
        "@lexical/utils": "0.11.1"
      }
    },
    "@lexical/history": {
      "version": "0.11.1",
      "resolved": "https://registry.npmjs.org/@lexical/history/-/history-0.11.1.tgz",
      "integrity": "sha512-JDwTb3GvD3GwIsAekdSLSZkKKA9iGVwt/ncnf75hKC19dLogsRmFqlT7gvZGnYmX8QlYhKTb3wyUQsn7Iax3qA==",
      "requires": {
        "@lexical/utils": "0.11.1"
      }
    },
    "@lexical/html": {
      "version": "0.11.1",
      "resolved": "https://registry.npmjs.org/@lexical/html/-/html-0.11.1.tgz",
      "integrity": "sha512-tkXPpJCM73VwMynnWwZPqdL8gN9ydGtJsPz28Q1m5P3WD6sFERwCasJxYyMPCcL3KfGQ6a0WZCCEtnyUn7VQkg==",
      "requires": {
        "@lexical/selection": "0.11.1"
      }
    },
    "@lexical/link": {
      "version": "0.11.1",
      "resolved": "https://registry.npmjs.org/@lexical/link/-/link-0.11.1.tgz",
      "integrity": "sha512-eEVZfSvdYKyjv5g35Rm50y+gglg4d5hgjiWuHzynT6XknU1VmR/WknEdSQybPK9vo2E2qf3qURyp1oAUaAPVjw==",
      "requires": {
        "@lexical/utils": "0.11.1"
      }
    },
    "@lexical/list": {
      "version": "0.11.1",
      "resolved": "https://registry.npmjs.org/@lexical/list/-/list-0.11.1.tgz",
      "integrity": "sha512-gONvM0q0eyA7yaSQ9WnoVs0riUrgilqVS4mdXDu3UKlr0hcDfJICEZO8ooorFu9yRkNzp8HRIkGByW6oQBa1cQ==",
      "requires": {
        "@lexical/utils": "0.11.1"
      }
    },
    "@lexical/mark": {
      "version": "0.11.1",
      "resolved": "https://registry.npmjs.org/@lexical/mark/-/mark-0.11.1.tgz",
      "integrity": "sha512-HA9XTrfXFmipxsFbtDTN8uQl7v9EPm40C4LgJKc2PFV7uNXnz/KF6FE5Gwe/iz/ueMF0EH288t7w3J2KuHbFkQ==",
      "requires": {
        "@lexical/utils": "0.11.1"
      }
    },
    "@lexical/markdown": {
      "version": "0.11.1",
      "resolved": "https://registry.npmjs.org/@lexical/markdown/-/markdown-0.11.1.tgz",
      "integrity": "sha512-yk8q2808PJrW7yT5ym/4j78lkNCdi/rWmbZN49tNtetWClddHPEYifdOfuSsf2aAOx65/23B7zHs87BuyzXWFw==",
      "requires": {
        "@lexical/code": "0.11.1",
        "@lexical/link": "0.11.1",
        "@lexical/list": "0.11.1",
        "@lexical/rich-text": "0.11.1",
        "@lexical/text": "0.11.1",
        "@lexical/utils": "0.11.1"
      }
    },
    "@lexical/offset": {
      "version": "0.11.1",
      "resolved": "https://registry.npmjs.org/@lexical/offset/-/offset-0.11.1.tgz",
      "integrity": "sha512-x6ERzo1cHoL9tcetpomqnf52EJ8f/wAF4vnEbJ9k/BRAZJQBc3UX/WYx+IyycxCBVeh3mxOhjZHqesYCvPFTRw=="
    },
    "@lexical/overflow": {
      "version": "0.11.1",
      "resolved": "https://registry.npmjs.org/@lexical/overflow/-/overflow-0.11.1.tgz",
      "integrity": "sha512-mx99fWfGjbr6Va/jPgsagUJzYzC0WV7us43HYk98XSJJpz/dPapNyRUARJrSinv/iu47HkA1X4Kvgd6LqbIvxA=="
    },
    "@lexical/plain-text": {
      "version": "0.11.1",
      "resolved": "https://registry.npmjs.org/@lexical/plain-text/-/plain-text-0.11.1.tgz",
      "integrity": "sha512-G4OlqDTPWR2S58ONzEtyJW0XvTh0M46mhCzldrvJatcOUNrnCqL9ZeL3LSld/IRz8T4sjCRD6E1QjAFy51DUxg=="
    },
    "@lexical/react": {
      "version": "0.11.1",
      "resolved": "https://registry.npmjs.org/@lexical/react/-/react-0.11.1.tgz",
      "integrity": "sha512-iXZusD0Z+eqttuh8s58ZP3H+tn0V1JYOay/Xo3y6/N+UXJ3NpBfVXRQB97cY/861jezMgbmvcjXuhH/rlKCvSg==",
      "requires": {
        "@lexical/clipboard": "0.11.1",
        "@lexical/code": "0.11.1",
        "@lexical/dragon": "0.11.1",
        "@lexical/hashtag": "0.11.1",
        "@lexical/history": "0.11.1",
        "@lexical/link": "0.11.1",
        "@lexical/list": "0.11.1",
        "@lexical/mark": "0.11.1",
        "@lexical/markdown": "0.11.1",
        "@lexical/overflow": "0.11.1",
        "@lexical/plain-text": "0.11.1",
        "@lexical/rich-text": "0.11.1",
        "@lexical/selection": "0.11.1",
        "@lexical/table": "0.11.1",
        "@lexical/text": "0.11.1",
        "@lexical/utils": "0.11.1",
        "@lexical/yjs": "0.11.1",
        "react-error-boundary": "^3.1.4"
      }
    },
    "@lexical/rich-text": {
      "version": "0.11.1",
      "resolved": "https://registry.npmjs.org/@lexical/rich-text/-/rich-text-0.11.1.tgz",
      "integrity": "sha512-cwko/7VuvHd8nuvt0GTaOxxpDpT24NnP15C0ZMJ6LVBgqKz7hOqhZZ6iAB/JOrivifF9nGBlC+jabZF75Gz3Fw=="
    },
    "@lexical/selection": {
      "version": "0.11.1",
      "resolved": "https://registry.npmjs.org/@lexical/selection/-/selection-0.11.1.tgz",
      "integrity": "sha512-sSiwWlu7LmxasdXAWcphtf5+ZK/6GRe3e/SAuCULfcrvYtEQrXIeyZt1IAvMxStELdQgf8vd0PzwajKcYjEM4A=="
    },
    "@lexical/table": {
      "version": "0.11.1",
      "resolved": "https://registry.npmjs.org/@lexical/table/-/table-0.11.1.tgz",
      "integrity": "sha512-v5HNW6jk4BHFsxsr8tPhAgokWUxL/ekvIHByXnikgEXVQiG7NPXMt7PWKVdOhH4Pn+OeF/OeeqcsTSh1/I8ZKQ==",
      "requires": {
        "@lexical/utils": "0.11.1"
      }
    },
    "@lexical/text": {
      "version": "0.11.1",
      "resolved": "https://registry.npmjs.org/@lexical/text/-/text-0.11.1.tgz",
      "integrity": "sha512-TQ9vb24sStMicnJaGT9U6yUCVXTIVFHAzt5cMPtr7hK6b1CsJPMTRmsM7n5vIo9xnHM9SLLe01AxwL2O7I1QKg=="
    },
    "@lexical/utils": {
      "version": "0.11.1",
      "resolved": "https://registry.npmjs.org/@lexical/utils/-/utils-0.11.1.tgz",
      "integrity": "sha512-Sssv82m0yJgRBvShZDZnE4KNX+8O49sAI1Mc2kRKoTlSSbpmpEcrbJnz8S2bmbYcyHalP8+Id/GFziOclI3zUQ==",
      "requires": {
        "@lexical/list": "0.11.1",
        "@lexical/selection": "0.11.1",
        "@lexical/table": "0.11.1"
      }
    },
    "@lexical/yjs": {
      "version": "0.11.1",
      "resolved": "https://registry.npmjs.org/@lexical/yjs/-/yjs-0.11.1.tgz",
      "integrity": "sha512-69Q462s4roXN6S8mk/ogMRZNyqLY024w38RzMVvJkY/W7sz30vPNX1RyEDHvTjgBhPXQqhRgmDUPT2V3lE7dRg==",
      "requires": {
        "@lexical/offset": "0.11.1"
      }
    },
    "@popperjs/core": {
      "version": "2.11.7",
      "resolved": "https://registry.npmjs.org/@popperjs/core/-/core-2.11.7.tgz",
      "integrity": "sha512-Cr4OjIkipTtcXKjAsm8agyleBuDHvxzeBoa1v543lbv1YaIwQjESsVcmjiWiPEbC1FIeHOG/Op9kdCmAmiS3Kw=="
    },
    "asap": {
      "version": "2.0.6",
      "resolved": "https://registry.npmjs.org/asap/-/asap-2.0.6.tgz",
      "integrity": "sha512-BSHWgDSAiKs50o2Re8ppvp3seVHXSRM44cdSsT9FfNEUUZLOGWVCsiWaRPWM1Znn+mqZ1OfVZ3z3DWEzSp7hRA=="
    },
    "classnames": {
      "version": "2.3.2",
      "resolved": "https://registry.npmjs.org/classnames/-/classnames-2.3.2.tgz",
      "integrity": "sha512-CSbhY4cFEJRe6/GQzIk5qXZ4Jeg5pcsP7b5peFSDpffpe1cqjASH/n9UTjBwOp6XpMSTwQ8Za2K5V02ueA7Tmw=="
    },
    "core-js": {
      "version": "1.2.7",
      "resolved": "https://registry.npmjs.org/core-js/-/core-js-1.2.7.tgz",
      "integrity": "sha512-ZiPp9pZlgxpWRu0M+YWbm6+aQ84XEfH1JRXvfOc/fILWI0VKhLC2LX13X1NYq4fULzLMq7Hfh43CSo2/aIaUPA=="
    },
    "date-fns": {
      "version": "2.29.3",
      "resolved": "https://registry.npmjs.org/date-fns/-/date-fns-2.29.3.tgz",
      "integrity": "sha512-dDCnyH2WnnKusqvZZ6+jA1O51Ibt8ZMRNkDZdyAyK4YfbDwa/cEmuztzG5pk6hqlp9aSBPYcjOlktquahGwGeA=="
    },
    "draft-js": {
      "version": "0.10.0",
      "resolved": "https://registry.npmjs.org/draft-js/-/draft-js-0.10.0.tgz",
      "integrity": "sha512-GEUg/WRVoef5hcO7yLiYr7LehWnGe3EvcDJCZzRjuqlpNKJ8Q4tdqqwEoWVAjd6ryUJlJQ3mPwEe63GsaiGIQg==",
      "requires": {
        "fbjs": "^0.8.7",
        "immutable": "~3.7.4",
        "object-assign": "^4.1.0"
      }
    },
    "draft-js-export-html": {
      "version": "1.4.1",
      "resolved": "https://registry.npmjs.org/draft-js-export-html/-/draft-js-export-html-1.4.1.tgz",
      "integrity": "sha512-G4VGBSalPowktIE4wp3rFbhjs+Ln9IZ2FhXeHjsZDSw0a2+h+BjKu5Enq+mcsyVb51RW740GBK8Xbf7Iic51tw==",
      "requires": {
        "draft-js-utils": "^1.4.0"
      }
    },
    "draft-js-import-element": {
      "version": "1.4.0",
      "resolved": "https://registry.npmjs.org/draft-js-import-element/-/draft-js-import-element-1.4.0.tgz",
      "integrity": "sha512-WmYT5PrCm47lGL5FkH6sRO3TTAcn7qNHsD3igiPqLG/RXrqyKrqN4+wBgbcT2lhna/yfWTRtgzAbQsSJoS1Meg==",
      "requires": {
        "draft-js-utils": "^1.4.0",
        "synthetic-dom": "^1.4.0"
      }
    },
    "draft-js-import-html": {
      "version": "1.4.1",
      "resolved": "https://registry.npmjs.org/draft-js-import-html/-/draft-js-import-html-1.4.1.tgz",
      "integrity": "sha512-KOZmtgxZriCDgg5Smr3Y09TjubvXe7rHPy/2fuLSsL+aSzwUDwH/aHDA/k47U+WfpmL4qgyg4oZhqx9TYJV0tg==",
      "requires": {
        "draft-js-import-element": "^1.4.0"
      }
    },
    "draft-js-utils": {
      "version": "1.4.1",
      "resolved": "https://registry.npmjs.org/draft-js-utils/-/draft-js-utils-1.4.1.tgz",
      "integrity": "sha512-xE81Y+z/muC5D5z9qWmKfxEW1XyXfsBzSbSBk2JRsoD0yzMGGHQm/0MtuqHl/EUDkaBJJLjJ2EACycoDMY/OOg=="
    },
    "encoding": {
      "version": "0.1.13",
      "resolved": "https://registry.npmjs.org/encoding/-/encoding-0.1.13.tgz",
      "integrity": "sha512-ETBauow1T35Y/WZMkio9jiM0Z5xjHHmJ4XmjZOq1l/dXz3lr2sRn87nJy20RupqSh1F2m3HHPSp8ShIPQJrJ3A==",
      "requires": {
        "iconv-lite": "^0.6.2"
      }
    },
    "fbjs": {
      "version": "0.8.18",
      "resolved": "https://registry.npmjs.org/fbjs/-/fbjs-0.8.18.tgz",
      "integrity": "sha512-EQaWFK+fEPSoibjNy8IxUtaFOMXcWsY0JaVrQoZR9zC8N2Ygf9iDITPWjUTVIax95b6I742JFLqASHfsag/vKA==",
      "requires": {
        "core-js": "^1.0.0",
        "isomorphic-fetch": "^2.1.1",
        "loose-envify": "^1.0.0",
        "object-assign": "^4.1.0",
        "promise": "^7.1.1",
        "setimmediate": "^1.0.5",
        "ua-parser-js": "^0.7.30"
      }
    },
    "iconv-lite": {
      "version": "0.6.3",
      "resolved": "https://registry.npmjs.org/iconv-lite/-/iconv-lite-0.6.3.tgz",
      "integrity": "sha512-4fCk79wshMdzMp2rH06qWrJE4iolqLhCUH+OiuIgU++RB0+94NlDL81atO7GX55uUKueo0txHNtvEyI6D7WdMw==",
      "requires": {
        "safer-buffer": ">= 2.1.2 < 3.0.0"
      }
    },
    "immutable": {
      "version": "3.7.6",
      "resolved": "https://registry.npmjs.org/immutable/-/immutable-3.7.6.tgz",
      "integrity": "sha512-AizQPcaofEtO11RZhPPHBOJRdo/20MKQF9mBLnVkBoyHi1/zXK8fzVdnEpSV9gxqtnh6Qomfp3F0xT5qP/vThw=="
    },
    "is-stream": {
      "version": "1.1.0",
      "resolved": "https://registry.npmjs.org/is-stream/-/is-stream-1.1.0.tgz",
      "integrity": "sha512-uQPm8kcs47jx38atAcWTVxyltQYoPT68y9aWYdV6yWXSyW8mzSat0TL6CiWdZeCdF3KrAvpVtnHbTv4RN+rqdQ=="
    },
    "isomorphic-fetch": {
      "version": "2.2.1",
      "resolved": "https://registry.npmjs.org/isomorphic-fetch/-/isomorphic-fetch-2.2.1.tgz",
      "integrity": "sha512-9c4TNAKYXM5PRyVcwUZrF3W09nQ+sO7+jydgs4ZGW9dhsLG2VOlISJABombdQqQRXCwuYG3sYV/puGf5rp0qmA==",
      "requires": {
        "node-fetch": "^1.0.1",
        "whatwg-fetch": ">=0.10.0"
      }
    },
    "js-tokens": {
      "version": "4.0.0",
      "resolved": "https://registry.npmjs.org/js-tokens/-/js-tokens-4.0.0.tgz",
      "integrity": "sha512-RdJUflcE3cUzKiMqQgsCu06FPu9UdIJO0beYbPhHN4k6apgJtifcoCtT9bcxOpYBtpD2kCM6Sbzg4CausW/PKQ=="
    },
    "lexical": {
      "version": "0.11.1",
      "resolved": "https://registry.npmjs.org/lexical/-/lexical-0.11.1.tgz",
      "integrity": "sha512-PhAGADxqzwJldmkVK5tvkaARTULCdeJjfhxWTnJQXTAlApE9heJir7SWxbxeUx1G5gdKZQFicGhOQlDXJmma2Q=="
    },
    "loose-envify": {
      "version": "1.4.0",
      "resolved": "https://registry.npmjs.org/loose-envify/-/loose-envify-1.4.0.tgz",
      "integrity": "sha512-lyuxPGr/Wfhrlem2CL/UcnUc1zcqKAImBDzukY7Y5F/yQiNdko6+fRLevlw1HgMySw7f611UIY408EtxRSoK3Q==",
      "requires": {
        "js-tokens": "^3.0.0 || ^4.0.0"
      }
    },
    "moment": {
      "version": "2.29.4",
      "resolved": "https://registry.npmjs.org/moment/-/moment-2.29.4.tgz",
      "integrity": "sha512-5LC9SOxjSc2HF6vO2CyuTDNivEdoz2IvyJJGj6X8DJ0eFyfszE0QiEd+iXmBvUP3WHxSjFH/vIsA0EN00cgr8w=="
    },
    "node-fetch": {
      "version": "1.7.3",
      "resolved": "https://registry.npmjs.org/node-fetch/-/node-fetch-1.7.3.tgz",
      "integrity": "sha512-NhZ4CsKx7cYm2vSrBAr2PvFOe6sWDf0UYLRqA6svUYg7+/TSfVAu49jYC4BvQ4Sms9SZgdqGBgroqfDhJdTyKQ==",
      "requires": {
        "encoding": "^0.1.11",
        "is-stream": "^1.0.1"
      }
    },
    "object-assign": {
      "version": "4.1.1",
      "resolved": "https://registry.npmjs.org/object-assign/-/object-assign-4.1.1.tgz",
      "integrity": "sha512-rJgTQnkUnH1sFw8yT6VSU3zD3sWmu6sZhIseY8VX+GRu3P6F7Fu+JNDoXfklElbLJSnc3FUQHVe4cU5hj+BcUg=="
    },
    "prismjs": {
      "version": "1.29.0",
      "resolved": "https://registry.npmjs.org/prismjs/-/prismjs-1.29.0.tgz",
      "integrity": "sha512-Kx/1w86q/epKcmte75LNrEoT+lX8pBpavuAbvJWRXar7Hz8jrtF+e3vY751p0R8H9HdArwaCTNDDzHg/ScJK1Q=="
    },
    "promise": {
      "version": "7.3.1",
      "resolved": "https://registry.npmjs.org/promise/-/promise-7.3.1.tgz",
      "integrity": "sha512-nolQXZ/4L+bP/UGlkfaIujX9BKxGwmQ9OT4mOt5yvy8iK1h3wqTEJCijzGANTCCl9nWjY41juyAn2K3Q1hLLTg==",
      "requires": {
        "asap": "~2.0.3"
      }
    },
    "prop-types": {
      "version": "15.8.1",
      "resolved": "https://registry.npmjs.org/prop-types/-/prop-types-15.8.1.tgz",
      "integrity": "sha512-oj87CgZICdulUohogVAR7AjlC0327U4el4L6eAvOqCeudMDVU0NThNaV+b9Df4dXgSP1gXMTnPdhfe/2qDH5cg==",
      "requires": {
        "loose-envify": "^1.4.0",
        "object-assign": "^4.1.1",
        "react-is": "^16.13.1"
      }
    },
    "react-datepicker": {
      "version": "4.8.0",
      "resolved": "https://registry.npmjs.org/react-datepicker/-/react-datepicker-4.8.0.tgz",
      "integrity": "sha512-u69zXGHMpxAa4LeYR83vucQoUCJQ6m/WBsSxmUMu/M8ahTSVMMyiyQzauHgZA2NUr9y0FUgOAix71hGYUb6tvg==",
      "requires": {
        "@popperjs/core": "^2.9.2",
        "classnames": "^2.2.6",
        "date-fns": "^2.24.0",
        "prop-types": "^15.7.2",
        "react-onclickoutside": "^6.12.0",
        "react-popper": "^2.2.5"
      }
    },
    "react-error-boundary": {
      "version": "3.1.4",
      "resolved": "https://registry.npmjs.org/react-error-boundary/-/react-error-boundary-3.1.4.tgz",
      "integrity": "sha512-uM9uPzZJTF6wRQORmSrvOIgt4lJ9MC1sNgEOj2XGsDTRE4kmpWxg7ENK9EWNKJRMAOY9z0MuF4yIfl6gp4sotA==",
      "requires": {
        "@babel/runtime": "^7.12.5"
      }
    },
    "react-fast-compare": {
      "version": "3.2.1",
      "resolved": "https://registry.npmjs.org/react-fast-compare/-/react-fast-compare-3.2.1.tgz",
      "integrity": "sha512-xTYf9zFim2pEif/Fw16dBiXpe0hoy5PxcD8+OwBnTtNLfIm3g6WxhKNurY+6OmdH1u6Ta/W/Vl6vjbYP1MFnDg=="
    },
    "react-is": {
      "version": "16.13.1",
      "resolved": "https://registry.npmjs.org/react-is/-/react-is-16.13.1.tgz",
      "integrity": "sha512-24e6ynE2H+OKt4kqsOvNd8kBpV65zoxbA4BVsEOB3ARVWQki/DHzaUoC5KuON/BiccDaCCTZBuOcfZs70kR8bQ=="
    },
    "react-onclickoutside": {
      "version": "6.13.0",
      "resolved": "https://registry.npmjs.org/react-onclickoutside/-/react-onclickoutside-6.13.0.tgz",
      "integrity": "sha512-ty8So6tcUpIb+ZE+1HAhbLROvAIJYyJe/1vRrrcmW+jLsaM+/powDRqxzo6hSh9CuRZGSL1Q8mvcF5WRD93a0A=="
    },
    "react-popper": {
      "version": "2.3.0",
      "resolved": "https://registry.npmjs.org/react-popper/-/react-popper-2.3.0.tgz",
      "integrity": "sha512-e1hj8lL3uM+sgSR4Lxzn5h1GxBlpa4CQz0XLF8kx4MDrDRWY0Ena4c97PUeSX9i5W3UAfDP0z0FXCTQkoXUl3Q==",
      "requires": {
        "react-fast-compare": "^3.0.1",
        "warning": "^4.0.2"
      }
    },
    "regenerator-runtime": {
      "version": "0.13.11",
      "resolved": "https://registry.npmjs.org/regenerator-runtime/-/regenerator-runtime-0.13.11.tgz",
      "integrity": "sha512-kY1AZVr2Ra+t+piVaJ4gxaFaReZVH40AKNo7UCX6W+dEwBo/2oZJzqfuN1qLq1oL45o56cPaTXELwrTh8Fpggg=="
    },
    "safer-buffer": {
      "version": "2.1.2",
      "resolved": "https://registry.npmjs.org/safer-buffer/-/safer-buffer-2.1.2.tgz",
      "integrity": "sha512-YZo3K82SD7Riyi0E1EQPojLz7kpepnSQI9IyPbHHg1XXXevb5dJI7tpyN2ADxGcQbHG7vcyRHk0cbwqcQriUtg=="
    },
    "setimmediate": {
      "version": "1.0.5",
      "resolved": "https://registry.npmjs.org/setimmediate/-/setimmediate-1.0.5.tgz",
      "integrity": "sha512-MATJdZp8sLqDl/68LfQmbP8zKPLQNV6BIZoIgrscFDQ+RsvK/BxeDQOgyxKKoh0y/8h3BqVFnCqQ/gd+reiIXA=="
    },
    "synthetic-dom": {
      "version": "1.4.0",
      "resolved": "https://registry.npmjs.org/synthetic-dom/-/synthetic-dom-1.4.0.tgz",
      "integrity": "sha512-mHv51ZsmZ+ShT/4s5kg+MGUIhY7Ltq4v03xpN1c8T1Krb5pScsh/lzEjyhrVD0soVDbThbd2e+4dD9vnDG4rhg=="
    },
    "ua-parser-js": {
      "version": "0.7.34",
      "resolved": "https://registry.npmjs.org/ua-parser-js/-/ua-parser-js-0.7.34.tgz",
      "integrity": "sha512-cJMeh/eOILyGu0ejgTKB95yKT3zOenSe9UGE3vj6WfiOwgGYnmATUsnDixMFvdU+rNMvWih83hrUP8VwhF9yXQ=="
    },
    "warning": {
      "version": "4.0.3",
      "resolved": "https://registry.npmjs.org/warning/-/warning-4.0.3.tgz",
      "integrity": "sha512-rpJyN222KWIvHJ/F53XSZv0Zl/accqHR8et1kpaMTD/fLCRxtV8iX8czMzY7sVZupTI3zcUTg8eycS2kNF9l6w==",
      "requires": {
        "loose-envify": "^1.0.0"
      }
    },
    "whatwg-fetch": {
      "version": "3.6.2",
      "resolved": "https://registry.npmjs.org/whatwg-fetch/-/whatwg-fetch-3.6.2.tgz",
      "integrity": "sha512-bJlen0FcuU/0EMLrdbJ7zOnW6ITZLrZMIarMUVmdKtsGvZna8vxKYaexICWPfZ8qwf9fzNq+UEIZrnSaApt6RA=="
    }
  }
}
